
Microsoft Visual Studio Solution File, Format Version 12.00
# Visual Studio Version 17
VisualStudioVersion = 17.5.002.0
MinimumVisualStudioVersion = 10.0.40219.1
Project("{9A19103F-16F7-4668-BE54-9A1E7A4F7556}") = "DesafioPOO", "DesafioPOO.csproj", "{BB01AFDA-051B-4056-A5D1-B3EB2E648D1E}"
EndProject
Global
	GlobalSection(SolutionConfigurationPlatforms) = preSolution
		Debug|Any CPU = Debug|Any CPU
		Release|Any CPU = Release|Any CPU
	EndGlobalSection
	GlobalSection(ProjectConfigurationPlatforms) = postSolution
		{BB01AFDA-051B-4056-A5D1-B3EB2E648D1E}.Debug|Any CPU.ActiveCfg = Debug|Any CPU
		{BB01AFDA-051B-4056-A5D1-B3EB2E648D1E}.Debug|Any CPU.Build.0 = Debug|Any CPU
		{BB01AFDA-051B-4056-A5D1-B3EB2E648D1E}.Release|Any CPU.ActiveCfg = Release|Any CPU
		{BB01AFDA-051B-4056-A5D1-B3EB2E648D1E}.Release|Any CPU.Build.0 = Release|Any CPU
	EndGlobalSection
	GlobalSection(SolutionProperties) = preSolution
		HideSolutionNode = FALSE
	EndGlobalSection
	GlobalSection(ExtensibilityGlobals) = postSolution
		SolutionGuid = {D9DC85BA-6BD2-46F9-AB33-EF5EF544BC8B}
	EndGlobalSection
EndGlobal
